[root]
name = "switchboard_gtk_gui"
version = "0.1.0"
dependencies = [
 "cairo-rs 0.0.4 (git+https://github.com/rust-gnome/cairo.git)",
 "gdk 0.1.1 (git+https://github.com/rust-gnome/gdk)",
 "glib 0.0.3 (git+https://github.com/rust-gnome/glib.git)",
 "gtk 0.0.3 (git+https://github.com/rust-gnome/gtk.git)",
 "serde 0.4.3 (registry+https://github.com/rust-lang/crates.io-index)",
 "serde_macros 0.4.4 (registry+https://github.com/rust-lang/crates.io-index)",
 "switchboard 0.1.0",
 "time 0.1.32 (registry+https://github.com/rust-lang/crates.io-index)",
]

[[package]]
name = "advapi32-sys"
version = "0.1.2"
source = "registry+https://github.com/rust-lang/crates.io-index"
dependencies = [
 "winapi 0.2.1 (registry+https://github.com/rust-lang/crates.io-index)",
 "winapi-build 0.1.0 (registry+https://github.com/rust-lang/crates.io-index)",
]

[[package]]
name = "aster"
version = "0.4.0"
source = "registry+https://github.com/rust-lang/crates.io-index"

[[package]]
name = "bit-set"
version = "0.2.0"
source = "registry+https://github.com/rust-lang/crates.io-index"
dependencies = [
 "bit-vec 0.4.1 (registry+https://github.com/rust-lang/crates.io-index)",
]

[[package]]
name = "bit-vec"
version = "0.4.1"
source = "registry+https://github.com/rust-lang/crates.io-index"

[[package]]
name = "bitflags"
version = "0.1.1"
source = "registry+https://github.com/rust-lang/crates.io-index"

[[package]]
name = "bytes"
version = "0.2.10"
source = "git+https://github.com/carllerche/bytes#b4abd1431a553be131c757b9b366c71dfd6461af"

[[package]]
name = "c_vec"
version = "1.0.12"
source = "registry+https://github.com/rust-lang/crates.io-index"

[[package]]
name = "cairo-rs"
version = "0.0.4"
source = "git+https://github.com/rust-gnome/cairo.git#8c5622749f1a2732fd4fc34272da38673647ac85"
dependencies = [
 "c_vec 1.0.12 (registry+https://github.com/rust-lang/crates.io-index)",
 "cairo-sys-rs 0.1.3 (git+https://github.com/rust-gnome/cairo.git)",
 "glib 0.0.3 (git+https://github.com/rust-gnome/glib.git)",
 "libc 0.1.8 (registry+https://github.com/rust-lang/crates.io-index)",
]

[[package]]
name = "cairo-sys-rs"
version = "0.1.3"
source = "git+https://github.com/rust-gnome/cairo.git#8c5622749f1a2732fd4fc34272da38673647ac85"
dependencies = [
 "libc 0.1.8 (registry+https://github.com/rust-lang/crates.io-index)",
 "pkg-config 0.3.5 (registry+https://github.com/rust-lang/crates.io-index)",
]

[[package]]
name = "clock_ticks"
version = "0.0.5"
source = "registry+https://github.com/rust-lang/crates.io-index"
dependencies = [
 "libc 0.1.8 (registry+https://github.com/rust-lang/crates.io-index)",
]

[[package]]
name = "gcc"
version = "0.3.9"
source = "registry+https://github.com/rust-lang/crates.io-index"

[[package]]
name = "gdk"
version = "0.1.1"
source = "git+https://github.com/rust-gnome/gdk#6c996c98cdbda607ad6b43ff8d94d941ef1300f5"
dependencies = [
 "cairo-rs 0.0.4 (git+https://github.com/rust-gnome/cairo.git)",
 "gdk-sys 0.1.1 (git+https://github.com/rust-gnome/gdk)",
 "glib 0.0.3 (git+https://github.com/rust-gnome/glib.git)",
 "glib-sys 0.1.2 (git+https://github.com/rust-gnome/glib.git)",
 "libc 0.1.8 (registry+https://github.com/rust-lang/crates.io-index)",
]

[[package]]
name = "gdk-sys"
version = "0.1.1"
source = "git+https://github.com/rust-gnome/gdk#6c996c98cdbda607ad6b43ff8d94d941ef1300f5"
dependencies = [
 "bitflags 0.1.1 (registry+https://github.com/rust-lang/crates.io-index)",
 "cairo-sys-rs 0.1.3 (git+https://github.com/rust-gnome/cairo.git)",
 "glib-sys 0.1.2 (git+https://github.com/rust-gnome/glib.git)",
 "libc 0.1.8 (registry+https://github.com/rust-lang/crates.io-index)",
 "pkg-config 0.3.5 (registry+https://github.com/rust-lang/crates.io-index)",
]

[[package]]
name = "glib"
version = "0.0.3"
source = "git+https://github.com/rust-gnome/glib.git#ccbc2696c77b0cc763c0e3f991d4489ebfb68d17"
dependencies = [
 "glib-sys 0.1.2 (git+https://github.com/rust-gnome/glib.git)",
 "libc 0.1.8 (registry+https://github.com/rust-lang/crates.io-index)",
]

[[package]]
name = "glib-sys"
version = "0.1.2"
source = "git+https://github.com/rust-gnome/glib.git#ccbc2696c77b0cc763c0e3f991d4489ebfb68d17"
dependencies = [
 "libc 0.1.8 (registry+https://github.com/rust-lang/crates.io-index)",
 "pkg-config 0.3.5 (registry+https://github.com/rust-lang/crates.io-index)",
]

[[package]]
name = "gtk"
version = "0.0.3"
source = "git+https://github.com/rust-gnome/gtk.git#b151c9a282afb37ad6b0ad586dd9299c5a24a589"
dependencies = [
 "cairo-rs 0.0.4 (git+https://github.com/rust-gnome/cairo.git)",
 "cairo-sys-rs 0.1.3 (git+https://github.com/rust-gnome/cairo.git)",
 "gdk 0.1.1 (git+https://github.com/rust-gnome/gdk)",
 "gdk-sys 0.1.1 (git+https://github.com/rust-gnome/gdk)",
 "glib 0.0.3 (git+https://github.com/rust-gnome/glib.git)",
 "glib-sys 0.1.2 (git+https://github.com/rust-gnome/glib.git)",
 "gtk-sys 0.1.3 (git+https://github.com/rust-gnome/gtk.git)",
 "libc 0.1.8 (registry+https://github.com/rust-lang/crates.io-index)",
 "pango 0.0.3 (git+https://github.com/rust-gnome/pango)",
 "pango-sys 0.1.2 (git+https://github.com/rust-gnome/pango)",
]

[[package]]
name = "gtk-sys"
version = "0.1.3"
source = "git+https://github.com/rust-gnome/gtk.git#b151c9a282afb37ad6b0ad586dd9299c5a24a589"
dependencies = [
 "gcc 0.3.9 (registry+https://github.com/rust-lang/crates.io-index)",
 "gdk-sys 0.1.1 (git+https://github.com/rust-gnome/gdk)",
 "glib-sys 0.1.2 (git+https://github.com/rust-gnome/glib.git)",
 "libc 0.1.8 (registry+https://github.com/rust-lang/crates.io-index)",
 "pango-sys 0.1.2 (git+https://github.com/rust-gnome/pango)",
 "pkg-config 0.3.5 (registry+https://github.com/rust-lang/crates.io-index)",
]

[[package]]
name = "kernel32-sys"
version = "0.1.3"
source = "registry+https://github.com/rust-lang/crates.io-index"
dependencies = [
 "winapi 0.2.1 (registry+https://github.com/rust-lang/crates.io-index)",
 "winapi-build 0.1.0 (registry+https://github.com/rust-lang/crates.io-index)",
]

[[package]]
name = "libc"
version = "0.1.8"
source = "registry+https://github.com/rust-lang/crates.io-index"

[[package]]
name = "log"
version = "0.3.1"
source = "registry+https://github.com/rust-lang/crates.io-index"
dependencies = [
 "libc 0.1.8 (registry+https://github.com/rust-lang/crates.io-index)",
]

[[package]]
name = "mio"
version = "0.5.0-pre"
source = "git+https://github.com/carllerche/mio.git#18fc66c3ca3aeab65101ec51c668d1471f8ba369"
dependencies = [
 "bytes 0.2.10 (git+https://github.com/carllerche/bytes)",
 "clock_ticks 0.0.5 (registry+https://github.com/rust-lang/crates.io-index)",
 "libc 0.1.8 (registry+https://github.com/rust-lang/crates.io-index)",
 "log 0.3.1 (registry+https://github.com/rust-lang/crates.io-index)",
 "nix 0.3.9 (registry+https://github.com/rust-lang/crates.io-index)",
 "slab 0.1.2 (registry+https://github.com/rust-lang/crates.io-index)",
 "winapi 0.1.23 (registry+https://github.com/rust-lang/crates.io-index)",
]

[[package]]
name = "nix"
version = "0.3.9"
source = "registry+https://github.com/rust-lang/crates.io-index"
dependencies = [
 "bitflags 0.1.1 (registry+https://github.com/rust-lang/crates.io-index)",
 "libc 0.1.8 (registry+https://github.com/rust-lang/crates.io-index)",
]

[[package]]
name = "num"
version = "0.1.25"
source = "registry+https://github.com/rust-lang/crates.io-index"
dependencies = [
 "rand 0.3.9 (registry+https://github.com/rust-lang/crates.io-index)",
 "rustc-serialize 0.3.15 (registry+https://github.com/rust-lang/crates.io-index)",
]

[[package]]
name = "pango"
version = "0.0.3"
source = "git+https://github.com/rust-gnome/pango#80e4bbec4de9b48aa642071613499c86c8114368"
dependencies = [
 "glib 0.0.3 (git+https://github.com/rust-gnome/glib.git)",
 "libc 0.1.8 (registry+https://github.com/rust-lang/crates.io-index)",
 "pango-sys 0.1.2 (git+https://github.com/rust-gnome/pango)",
]

[[package]]
name = "pango-sys"
version = "0.1.2"
source = "git+https://github.com/rust-gnome/pango#80e4bbec4de9b48aa642071613499c86c8114368"
dependencies = [
 "glib-sys 0.1.2 (git+https://github.com/rust-gnome/glib.git)",
 "libc 0.1.8 (registry+https://github.com/rust-lang/crates.io-index)",
 "pkg-config 0.3.5 (registry+https://github.com/rust-lang/crates.io-index)",
]

[[package]]
name = "pkg-config"
version = "0.3.5"
source = "registry+https://github.com/rust-lang/crates.io-index"

[[package]]
name = "quasi"
version = "0.3.1"
source = "registry+https://github.com/rust-lang/crates.io-index"

[[package]]
name = "quasi_codegen"
version = "0.3.1"
source = "registry+https://github.com/rust-lang/crates.io-index"
dependencies = [
 "aster 0.4.0 (registry+https://github.com/rust-lang/crates.io-index)",
]

[[package]]
name = "quasi_macros"
version = "0.3.1"
source = "registry+https://github.com/rust-lang/crates.io-index"
dependencies = [
 "quasi_codegen 0.3.1 (registry+https://github.com/rust-lang/crates.io-index)",
]

[[package]]
name = "rand"
version = "0.3.9"
source = "registry+https://github.com/rust-lang/crates.io-index"
dependencies = [
 "advapi32-sys 0.1.2 (registry+https://github.com/rust-lang/crates.io-index)",
 "libc 0.1.8 (registry+https://github.com/rust-lang/crates.io-index)",
 "winapi 0.2.1 (registry+https://github.com/rust-lang/crates.io-index)",
]

[[package]]
name = "rustc-serialize"
version = "0.3.15"
source = "registry+https://github.com/rust-lang/crates.io-index"

[[package]]
name = "serde"
version = "0.4.3"
source = "registry+https://github.com/rust-lang/crates.io-index"
dependencies = [
 "num 0.1.25 (registry+https://github.com/rust-lang/crates.io-index)",
]

[[package]]
name = "serde_codegen"
version = "0.4.3"
source = "registry+https://github.com/rust-lang/crates.io-index"
dependencies = [
 "aster 0.4.0 (registry+https://github.com/rust-lang/crates.io-index)",
 "quasi 0.3.1 (registry+https://github.com/rust-lang/crates.io-index)",
 "quasi_macros 0.3.1 (registry+https://github.com/rust-lang/crates.io-index)",
]

[[package]]
name = "serde_macros"
version = "0.4.4"
source = "registry+https://github.com/rust-lang/crates.io-index"
dependencies = [
 "serde_codegen 0.4.3 (registry+https://github.com/rust-lang/crates.io-index)",
]

[[package]]
name = "slab"
version = "0.1.2"
source = "registry+https://github.com/rust-lang/crates.io-index"

[[package]]
name = "subsequence_match"
version = "0.1.0"
dependencies = [
 "bit-set 0.2.0 (registry+https://github.com/rust-lang/crates.io-index)",
]

[[package]]
name = "switchboard"
version = "0.1.0"
dependencies = [
 "libc 0.1.8 (registry+https://github.com/rust-lang/crates.io-index)",
 "mio 0.5.0-pre (git+https://github.com/carllerche/mio.git)",
 "serde 0.4.3 (registry+https://github.com/rust-lang/crates.io-index)",
 "serde_macros 0.4.4 (registry+https://github.com/rust-lang/crates.io-index)",
 "subsequence_match 0.1.0",
 "tempdir 0.3.4 (registry+https://github.com/rust-lang/crates.io-index)",
 "uuid 0.1.17 (registry+https://github.com/rust-lang/crates.io-index)",
]

[[package]]
name = "tempdir"
version = "0.3.4"
source = "registry+https://github.com/rust-lang/crates.io-index"
dependencies = [
 "rand 0.3.9 (registry+https://github.com/rust-lang/crates.io-index)",
]

[[package]]
name = "time"
version = "0.1.32"
source = "registry+https://github.com/rust-lang/crates.io-index"
dependencies = [
 "kernel32-sys 0.1.3 (registry+https://github.com/rust-lang/crates.io-index)",
 "libc 0.1.8 (registry+https://github.com/rust-lang/crates.io-index)",
 "winapi 0.2.1 (registry+https://github.com/rust-lang/crates.io-index)",
]

[[package]]
name = "uuid"
version = "0.1.17"
source = "registry+https://github.com/rust-lang/crates.io-index"
dependencies = [
 "rand 0.3.9 (registry+https://github.com/rust-lang/crates.io-index)",
 "rustc-serialize 0.3.15 (registry+https://github.com/rust-lang/crates.io-index)",
]

[[package]]
name = "winapi"
version = "0.1.23"
source = "registry+https://github.com/rust-lang/crates.io-index"
dependencies = [
 "libc 0.1.8 (registry+https://github.com/rust-lang/crates.io-index)",
]

[[package]]
name = "winapi"
version = "0.2.1"
source = "registry+https://github.com/rust-lang/crates.io-index"

[[package]]
name = "winapi-build"
version = "0.1.0"
source = "registry+https://github.com/rust-lang/crates.io-index"

